
Microsoft Visual Studio Solution File, Format Version 12.00
# Visual Studio Version 16
VisualStudioVersion = 16.0.30011.22
MinimumVisualStudioVersion = 10.0.40219.1
Project("{FAE04EC0-301F-11D3-BF4B-00C04F79EFBC}") = "CSharp_Connect_Four", "_C-Sharp-C4\CSharp_Connect_Four.csproj", "{ACE9FA45-1109-4F40-B39F-BA03DC36CBBF}"
EndProject
Global
	GlobalSection(SolutionConfigurationPlatforms) = preSolution
		Debug|Any CPU = Debug|Any CPU
		Release|Any CPU = Release|Any CPU
	EndGlobalSection
	GlobalSection(ProjectConfigurationPlatforms) = postSolution
		{ACE9FA45-1109-4F40-B39F-BA03DC36CBBF}.Debug|Any CPU.ActiveCfg = Debug|Any CPU
		{ACE9FA45-1109-4F40-B39F-BA03DC36CBBF}.Debug|Any CPU.Build.0 = Debug|Any CPU
		{ACE9FA45-1109-4F40-B39F-BA03DC36CBBF}.Release|Any CPU.ActiveCfg = Release|Any CPU
		{ACE9FA45-1109-4F40-B39F-BA03DC36CBBF}.Release|Any CPU.Build.0 = Release|Any CPU
	EndGlobalSection
	GlobalSection(SolutionProperties) = preSolution
		HideSolutionNode = FALSE
	EndGlobalSection
	GlobalSection(ExtensibilityGlobals) = postSolution
		SolutionGuid = {1C8EC9D0-DEDF-4218-BA6D-4EA8D7E26EFB}
	EndGlobalSection
EndGlobal
